// !$*UTF8*$!
{
	archiveVersion = 1;
	classes = {
	};
	objectVersion = 50;
	objects = {

/* Begin PBXBuildFile section */
		48F68C0221D3A73F00E16E5B /* AppDelegate.swift in Sources */ = {isa = PBXBuildFile; fileRef = 48F68C0121D3A73F00E16E5B /* AppDelegate.swift */; };
		48F68C0421D3A73F00E16E5B /* ViewController.swift in Sources */ = {isa = PBXBuildFile; fileRef = 48F68C0321D3A73F00E16E5B /* ViewController.swift */; };
		48F68C0721D3A73F00E16E5B /* Main.storyboard in Resources */ = {isa = PBXBuildFile; fileRef = 48F68C0521D3A73F00E16E5B /* Main.storyboard */; };
		48F68C0921D3A74600E16E5B /* Assets.xcassets in Resources */ = {isa = PBXBuildFile; fileRef = 48F68C0821D3A74600E16E5B /* Assets.xcassets */; };
		48F68C0C21D3A74600E16E5B /* LaunchScreen.storyboard in Resources */ = {isa = PBXBuildFile; fileRef = 48F68C0A21D3A74600E16E5B /* LaunchScreen.storyboard */; };
		48F68C1721D3A74600E16E5B /* MemoAppTests.swift in Sources */ = {isa = PBXBuildFile; fileRef = 48F68C1621D3A74600E16E5B /* MemoAppTests.swift */; };
		48F68C2221D3A74700E16E5B /* MemoAppUITests.swift in Sources */ = {isa = PBXBuildFile; fileRef = 48F68C2121D3A74700E16E5B /* MemoAppUITests.swift */; };
		48F68C3021D47F8D00E16E5B /* MemoAPI.swift in Sources */ = {isa = PBXBuildFile; fileRef = 48F68C2F21D47F8D00E16E5B /* MemoAPI.swift */; };
		48F68C3221D485C600E16E5B /* MemoFile.swift in Sources */ = {isa = PBXBuildFile; fileRef = 48F68C3121D485C600E16E5B /* MemoFile.swift */; };
/* End PBXBuildFile section */

/* Begin PBXContainerItemProxy section */
		48F68C1321D3A74600E16E5B /* PBXContainerItemProxy */ = {
			isa = PBXContainerItemProxy;
			containerPortal = 48F68BF621D3A73F00E16E5B /* Project object */;
			proxyType = 1;
			remoteGlobalIDString = 48F68BFD21D3A73F00E16E5B;
			remoteInfo = MemoApp;
		};
		48F68C1E21D3A74700E16E5B /* PBXContainerItemProxy */ = {
			isa = PBXContainerItemProxy;
			containerPortal = 48F68BF621D3A73F00E16E5B /* Project object */;
			proxyType = 1;
			remoteGlobalIDString = 48F68BFD21D3A73F00E16E5B;
			remoteInfo = MemoApp;
		};
/* End PBXContainerItemProxy section */

/* Begin PBXFileReference section */
		48F68BFE21D3A73F00E16E5B /* MemoApp.app */ = {isa = PBXFileReference; explicitFileType = wrapper.application; includeInIndex = 0; path = MemoApp.app; sourceTree = BUILT_PRODUCTS_DIR; };
		48F68C0121D3A73F00E16E5B /* AppDelegate.swift */ = {isa = PBXFileReference; lastKnownFileType = sourcecode.swift; path = AppDelegate.swift; sourceTree = "<group>"; };
		48F68C0321D3A73F00E16E5B /* ViewController.swift */ = {isa = PBXFileReference; lastKnownFileType = sourcecode.swift; path = ViewController.swift; sourceTree = "<group>"; };
		48F68C0621D3A73F00E16E5B /* Base */ = {isa = PBXFileReference; lastKnownFileType = file.storyboard; name = Base; path = Base.lproj/Main.storyboard; sourceTree = "<group>"; };
		48F68C0821D3A74600E16E5B /* Assets.xcassets */ = {isa = PBXFileReference; lastKnownFileType = folder.assetcatalog; path = Assets.xcassets; sourceTree = "<group>"; };
		48F68C0B21D3A74600E16E5B /* Base */ = {isa = PBXFileReference; lastKnownFileType = file.storyboard; name = Base; path = Base.lproj/LaunchScreen.storyboard; sourceTree = "<group>"; };
		48F68C0D21D3A74600E16E5B /* Info.plist */ = {isa = PBXFileReference; lastKnownFileType = text.plist.xml; path = Info.plist; sourceTree = "<group>"; };
		48F68C1221D3A74600E16E5B /* MemoAppTests.xctest */ = {isa = PBXFileReference; explicitFileType = wrapper.cfbundle; includeInIndex = 0; path = MemoAppTests.xctest; sourceTree = BUILT_PRODUCTS_DIR; };
		48F68C1621D3A74600E16E5B /* MemoAppTests.swift */ = {isa = PBXFileReference; lastKnownFileType = sourcecode.swift; path = MemoAppTests.swift; sourceTree = "<group>"; };
		48F68C1821D3A74600E16E5B /* Info.plist */ = {isa = PBXFileReference; lastKnownFileType = text.plist.xml; path = Info.plist; sourceTree = "<group>"; };
		48F68C1D21D3A74700E16E5B /* MemoAppUITests.xctest */ = {isa = PBXFileReference; explicitFileType = wrapper.cfbundle; includeInIndex = 0; path = MemoAppUITests.xctest; sourceTree = BUILT_PRODUCTS_DIR; };
		48F68C2121D3A74700E16E5B /* MemoAppUITests.swift */ = {isa = PBXFileReference; lastKnownFileType = sourcecode.swift; path = MemoAppUITests.swift; sourceTree = "<group>"; };
		48F68C2321D3A74700E16E5B /* Info.plist */ = {isa = PBXFileReference; lastKnownFileType = text.plist.xml; path = Info.plist; sourceTree = "<group>"; };
		48F68C2F21D47F8D00E16E5B /* MemoAPI.swift */ = {isa = PBXFileReference; lastKnownFileType = sourcecode.swift; path = MemoAPI.swift; sourceTree = "<group>"; };
		48F68C3121D485C600E16E5B /* MemoFile.swift */ = {isa = PBXFileReference; lastKnownFileType = sourcecode.swift; path = MemoFile.swift; sourceTree = "<group>"; };
/* End PBXFileReference section */

/* Begin PBXFrameworksBuildPhase section */
		48F68BFB21D3A73F00E16E5B /* Frameworks */ = {
			isa = PBXFrameworksBuildPhase;
			buildActionMask = 2147483647;
			files = (
			);
			runOnlyForDeploymentPostprocessing = 0;
		};
		48F68C0F21D3A74600E16E5B /* Frameworks */ = {
			isa = PBXFrameworksBuildPhase;
			buildActionMask = 2147483647;
			files = (
			);
			runOnlyForDeploymentPostprocessing = 0;
		};
		48F68C1A21D3A74700E16E5B /* Frameworks */ = {
			isa = PBXFrameworksBuildPhase;
			buildActionMask = 2147483647;
			files = (
			);
			runOnlyForDeploymentPostprocessing = 0;
		};
/* End PBXFrameworksBuildPhase section */

/* Begin PBXGroup section */
		48F68BF521D3A73F00E16E5B = {
			isa = PBXGroup;
			children = (
				48F68C0021D3A73F00E16E5B /* MemoApp */,
				48F68C1521D3A74600E16E5B /* MemoAppTests */,
				48F68C2021D3A74700E16E5B /* MemoAppUITests */,
				48F68BFF21D3A73F00E16E5B /* Products */,
			);
			sourceTree = "<group>";
		};
		48F68BFF21D3A73F00E16E5B /* Products */ = {
			isa = PBXGroup;
			children = (
				48F68BFE21D3A73F00E16E5B /* MemoApp.app */,
				48F68C1221D3A74600E16E5B /* MemoAppTests.xctest */,
				48F68C1D21D3A74700E16E5B /* MemoAppUITests.xctest */,
			);
			name = Products;
			sourceTree = "<group>";
		};
		48F68C0021D3A73F00E16E5B /* MemoApp */ = {
			isa = PBXGroup;
			children = (
				48F68C2F21D47F8D00E16E5B /* MemoAPI.swift */,
				48F68C0321D3A73F00E16E5B /* ViewController.swift */,
				48F68C0521D3A73F00E16E5B /* Main.storyboard */,
				48F68C3121D485C600E16E5B /* MemoFile.swift */,
				48F68C0821D3A74600E16E5B /* Assets.xcassets */,
				48F68C0121D3A73F00E16E5B /* AppDelegate.swift */,
				48F68C0A21D3A74600E16E5B /* LaunchScreen.storyboard */,
				48F68C0D21D3A74600E16E5B /* Info.plist */,
			);
			path = MemoApp;
			sourceTree = "<group>";
		};
		48F68C1521D3A74600E16E5B /* MemoAppTests */ = {
			isa = PBXGroup;
			children = (
				48F68C1621D3A74600E16E5B /* MemoAppTests.swift */,
				48F68C1821D3A74600E16E5B /* Info.plist */,
			);
			path = MemoAppTests;
			sourceTree = "<group>";
		};
		48F68C2021D3A74700E16E5B /* MemoAppUITests */ = {
			isa = PBXGroup;
			children = (
				48F68C2121D3A74700E16E5B /* MemoAppUITests.swift */,
				48F68C2321D3A74700E16E5B /* Info.plist */,
			);
			path = MemoAppUITests;
			sourceTree = "<group>";
		};
/* End PBXGroup section */

/* Begin PBXNativeTarget section */
		48F68BFD21D3A73F00E16E5B /* MemoApp */ = {
			isa = PBXNativeTarget;
			buildConfigurationList = 48F68C2621D3A74700E16E5B /* Build configuration list for PBXNativeTarget "MemoApp" */;
			buildPhases = (
				48F68BFA21D3A73F00E16E5B /* Sources */,
				48F68BFB21D3A73F00E16E5B /* Frameworks */,
				48F68BFC21D3A73F00E16E5B /* Resources */,
			);
			buildRules = (
			);
			dependencies = (
			);
			name = MemoApp;
			productName = MemoApp;
			productReference = 48F68BFE21D3A73F00E16E5B /* MemoApp.app */;
			productType = "com.apple.product-type.application";
		};
		48F68C1121D3A74600E16E5B /* MemoAppTests */ = {
			isa = PBXNativeTarget;
			buildConfigurationList = 48F68C2921D3A74700E16E5B /* Build configuration list for PBXNativeTarget "MemoAppTests" */;
			buildPhases = (
				48F68C0E21D3A74600E16E5B /* Sources */,
				48F68C0F21D3A74600E16E5B /* Frameworks */,
				48F68C1021D3A74600E16E5B /* Resources */,
			);
			buildRules = (
			);
			dependencies = (
				48F68C1421D3A74600E16E5B /* PBXTargetDependency */,
			);
			name = MemoAppTests;
			productName = MemoAppTests;
			productReference = 48F68C1221D3A74600E16E5B /* MemoAppTests.xctest */;
			productType = "com.apple.product-type.bundle.unit-test";
		};
		48F68C1C21D3A74700E16E5B /* MemoAppUITests */ = {
			isa = PBXNativeTarget;
			buildConfigurationList = 48F68C2C21D3A74700E16E5B /* Build configuration list for PBXNativeTarget "MemoAppUITests" */;
			buildPhases = (
				48F68C1921D3A74700E16E5B /* Sources */,
				48F68C1A21D3A74700E16E5B /* Frameworks */,
				48F68C1B21D3A74700E16E5B /* Resources */,
			);
			buildRules = (
			);
			dependencies = (
				48F68C1F21D3A74700E16E5B /* PBXTargetDependency */,
			);
			name = MemoAppUITests;
			productName = MemoAppUITests;
			productReference = 48F68C1D21D3A74700E16E5B /* MemoAppUITests.xctest */;
			productType = "com.apple.product-type.bundle.ui-testing";
		};
/* End PBXNativeTarget section */

/* Begin PBXProject section */
		48F68BF621D3A73F00E16E5B /* Project object */ = {
			isa = PBXProject;
			attributes = {
				LastSwiftUpdateCheck = 1010;
				LastUpgradeCheck = 1010;
				ORGANIZATIONNAME = "Kang JK";
				TargetAttributes = {
					48F68BFD21D3A73F00E16E5B = {
						CreatedOnToolsVersion = 10.1;
					};
					48F68C1121D3A74600E16E5B = {
						CreatedOnToolsVersion = 10.1;
						TestTargetID = 48F68BFD21D3A73F00E16E5B;
					};
					48F68C1C21D3A74700E16E5B = {
						CreatedOnToolsVersion = 10.1;
						TestTargetID = 48F68BFD21D3A73F00E16E5B;
					};
				};
			};
			buildConfigurationList = 48F68BF921D3A73F00E16E5B /* Build configuration list for PBXProject "MemoApp" */;
			compatibilityVersion = "Xcode 9.3";
			developmentRegion = en;
			hasScannedForEncodings = 0;
			knownRegions = (
				en,
				Base,
			);
			mainGroup = 48F68BF521D3A73F00E16E5B;
			productRefGroup = 48F68BFF21D3A73F00E16E5B /* Products */;
			projectDirPath = "";
			projectRoot = "";
			targets = (
				48F68BFD21D3A73F00E16E5B /* MemoApp */,
				48F68C1121D3A74600E16E5B /* MemoAppTests */,
				48F68C1C21D3A74700E16E5B /* MemoAppUITests */,
			);
		};
/* End PBXProject section */

/* Begin PBXResourcesBuildPhase section */
		48F68BFC21D3A73F00E16E5B /* Resources */ = {
			isa = PBXResourcesBuildPhase;
			buildActionMask = 2147483647;
			files = (
				48F68C0C21D3A74600E16E5B /* LaunchScreen.storyboard in Resources */,
				48F68C0921D3A74600E16E5B /* Assets.xcassets in Resources */,
				48F68C0721D3A73F00E16E5B /* Main.storyboard in Resources */,
			);
			runOnlyForDeploymentPostprocessing = 0;
		};
		48F68C1021D3A74600E16E5B /* Resources */ = {
			isa = PBXResourcesBuildPhase;
			buildActionMask = 2147483647;
			files = (
			);
			runOnlyForDeploymentPostprocessing = 0;
		};
		48F68C1B21D3A74700E16E5B /* Resources */ = {
			isa = PBXResourcesBuildPhase;
			buildActionMask = 2147483647;
			files = (
			);
			runOnlyForDeploymentPostprocessing = 0;
		};
/* End PBXResourcesBuildPhase section */

/* Begin PBXSourcesBuildPhase section */
		48F68BFA21D3A73F00E16E5B /* Sources */ = {
			isa = PBXSourcesBuildPhase;
			buildActionMask = 2147483647;
			files = (
				48F68C0421D3A73F00E16E5B /* ViewController.swift in Sources */,
				48F68C3021D47F8D00E16E5B /* MemoAPI.swift in Sources */,
				48F68C0221D3A73F00E16E5B /* AppDelegate.swift in Sources */,
				48F68C3221D485C600E16E5B /* MemoFile.swift in Sources */,
			);
			runOnlyForDeploymentPostprocessing = 0;
		};
		48F68C0E21D3A74600E16E5B /* Sources */ = {
			isa = PBXSourcesBuildPhase;
			buildActionMask = 2147483647;
			files = (
				48F68C1721D3A74600E16E5B /* MemoAppTests.swift in Sources */,
			);
			runOnlyForDeploymentPostprocessing = 0;
		};
		48F68C1921D3A74700E16E5B /* Sources */ = {
			isa = PBXSourcesBuildPhase;
			buildActionMask = 2147483647;
			files = (
				48F68C2221D3A74700E16E5B /* MemoAppUITests.swift in Sources */,
			);
			runOnlyForDeploymentPostprocessing = 0;
		};
/* End PBXSourcesBuildPhase section */

/* Begin PBXTargetDependency section */
		48F68C1421D3A74600E16E5B /* PBXTargetDependency */ = {
			isa = PBXTargetDependency;
			target = 48F68BFD21D3A73F00E16E5B /* MemoApp */;
			targetProxy = 48F68C1321D3A74600E16E5B /* PBXContainerItemProxy */;
		};
		48F68C1F21D3A74700E16E5B /* PBXTargetDependency */ = {
			isa = PBXTargetDependency;
			target = 48F68BFD21D3A73F00E16E5B /* MemoApp */;
			targetProxy = 48F68C1E21D3A74700E16E5B /* PBXContainerItemProxy */;
		};
/* End PBXTargetDependency section */

/* Begin PBXVariantGroup section */
		48F68C0521D3A73F00E16E5B /* Main.storyboard */ = {
			isa = PBXVariantGroup;
			children = (
				48F68C0621D3A73F00E16E5B /* Base */,
			);
			name = Main.storyboard;
			sourceTree = "<group>";
		};
		48F68C0A21D3A74600E16E5B /* LaunchScreen.storyboard */ = {
			isa = PBXVariantGroup;
			children = (
				48F68C0B21D3A74600E16E5B /* Base */,
			);
			name = LaunchScreen.storyboard;
			sourceTree = "<group>";
		};
/* End PBXVariantGroup section */

/* Begin XCBuildConfiguration section */
		48F68C2421D3A74700E16E5B /* Debug */ = {
			isa = XCBuildConfiguration;
			buildSettings = {
				ALWAYS_SEARCH_USER_PATHS = NO;
				CLANG_ANALYZER_NONNULL = YES;
				CLANG_ANALYZER_NUMBER_OBJECT_CONVERSION = YES_AGGRESSIVE;
				CLANG_CXX_LANGUAGE_STANDARD = "gnu++14";
				CLANG_CXX_LIBRARY = "libc++";
				CLANG_ENABLE_MODULES = YES;
				CLANG_ENABLE_OBJC_ARC = YES;
				CLANG_ENABLE_OBJC_WEAK = YES;
				CLANG_WARN_BLOCK_CAPTURE_AUTORELEASING = YES;
				CLANG_WARN_BOOL_CONVERSION = YES;
				CLANG_WARN_COMMA = YES;
				CLANG_WARN_CONSTANT_CONVERSION = YES;
				CLANG_WARN_DEPRECATED_OBJC_IMPLEMENTATIONS = YES;
				CLANG_WARN_DIRECT_OBJC_ISA_USAGE = YES_ERROR;
				CLANG_WARN_DOCUMENTATION_COMMENTS = YES;
				CLANG_WARN_EMPTY_BODY = YES;
				CLANG_WARN_ENUM_CONVERSION = YES;
				CLANG_WARN_INFINITE_RECURSION = YES;
				CLANG_WARN_INT_CONVERSION = YES;
				CLANG_WARN_NON_LITERAL_NULL_CONVERSION = YES;
				CLANG_WARN_OBJC_IMPLICIT_RETAIN_SELF = YES;
				CLANG_WARN_OBJC_LITERAL_CONVERSION = YES;
				CLANG_WARN_OBJC_ROOT_CLASS = YES_ERROR;
				CLANG_WARN_RANGE_LOOP_ANALYSIS = YES;
				CLANG_WARN_STRICT_PROTOTYPES = YES;
				CLANG_WARN_SUSPICIOUS_MOVE = YES;
				CLANG_WARN_UNGUARDED_AVAILABILITY = YES_AGGRESSIVE;
				CLANG_WARN_UNREACHABLE_CODE = YES;
				CLANG_WARN__DUPLICATE_METHOD_MATCH = YES;
				CODE_SIGN_IDENTITY = "iPhone Developer";
				COPY_PHASE_STRIP = NO;
				DEBUG_INFORMATION_FORMAT = dwarf;
				ENABLE_STRICT_OBJC_MSGSEND = YES;
				ENABLE_TESTABILITY = YES;
				GCC_C_LANGUAGE_STANDARD = gnu11;
				GCC_DYNAMIC_NO_PIC = NO;
				GCC_NO_COMMON_BLOCKS = YES;
				GCC_OPTIMIZATION_LEVEL = 0;
				GCC_PREPROCESSOR_DEFINITIONS = (
					"DEBUG=1",
					"$(inherited)",
				);
				GCC_WARN_64_TO_32_BIT_CONVERSION = YES;
				GCC_WARN_ABOUT_RETURN_TYPE = YES_ERROR;
				GCC_WARN_UNDECLARED_SELECTOR = YES;
				GCC_WARN_UNINITIALIZED_AUTOS = YES_AGGRESSIVE;
				GCC_WARN_UNUSED_FUNCTION = YES;
				GCC_WARN_UNUSED_VARIABLE = YES;
				IPHONEOS_DEPLOYMENT_TARGET = 12.1;
				MTL_ENABLE_DEBUG_INFO = INCLUDE_SOURCE;
				MTL_FAST_MATH = YES;
				ONLY_ACTIVE_ARCH = YES;
				SDKROOT = iphoneos;
				SWIFT_ACTIVE_COMPILATION_CONDITIONS = DEBUG;
				SWIFT_OPTIMIZATION_LEVEL = "-Onone";
			};
			name = Debug;
		};
		48F68C2521D3A74700E16E5B /* Release */ = {
			isa = XCBuildConfiguration;
			buildSettings = {
				ALWAYS_SEARCH_USER_PATHS = NO;
				CLANG_ANALYZER_NONNULL = YES;
				CLANG_ANALYZER_NUMBER_OBJECT_CONVERSION = YES_AGGRESSIVE;
				CLANG_CXX_LANGUAGE_STANDARD = "gnu++14";
				CLANG_CXX_LIBRARY = "libc++";
				CLANG_ENABLE_MODULES = YES;
				CLANG_ENABLE_OBJC_ARC = YES;
				CLANG_ENABLE_OBJC_WEAK = YES;
				CLANG_WARN_BLOCK_CAPTURE_AUTORELEASING = YES;
				CLANG_WARN_BOOL_CONVERSION = YES;
				CLANG_WARN_COMMA = YES;
				CLANG_WARN_CONSTANT_CONVERSION = YES;
				CLANG_WARN_DEPRECATED_OBJC_IMPLEMENTATIONS = YES;
				CLANG_WARN_DIRECT_OBJC_ISA_USAGE = YES_ERROR;
				CLANG_WARN_DOCUMENTATION_COMMENTS = YES;
				CLANG_WARN_EMPTY_BODY = YES;
				CLANG_WARN_ENUM_CONVERSION = YES;
				CLANG_WARN_INFINITE_RECURSION = YES;
				CLANG_WARN_INT_CONVERSION = YES;
				CLANG_WARN_NON_LITERAL_NULL_CONVERSION = YES;
				CLANG_WARN_OBJC_IMPLICIT_RETAIN_SELF = YES;
				CLANG_WARN_OBJC_LITERAL_CONVERSION = YES;
				CLANG_WARN_OBJC_ROOT_CLASS = YES_ERROR;
				CLANG_WARN_RANGE_LOOP_ANALYSIS = YES;
				CLANG_WARN_STRICT_PROTOTYPES = YES;
				CLANG_WARN_SUSPICIOUS_MOVE = YES;
				CLANG_WARN_UNGUARDED_AVAILABILITY = YES_AGGRESSIVE;
				CLANG_WARN_UNREACHABLE_CODE = YES;
				CLANG_WARN__DUPLICATE_METHOD_MATCH = YES;
				CODE_SIGN_IDENTITY = "iPhone Developer";
				COPY_PHASE_STRIP = NO;
				DEBUG_INFORMATION_FORMAT = "dwarf-with-dsym";
				ENABLE_NS_ASSERTIONS = NO;
				ENABLE_STRICT_OBJC_MSGSEND = YES;
				GCC_C_LANGUAGE_STANDARD = gnu11;
				GCC_NO_COMMON_BLOCKS = YES;
				GCC_WARN_64_TO_32_BIT_CONVERSION = YES;
				GCC_WARN_ABOUT_RETURN_TYPE = YES_ERROR;
				GCC_WARN_UNDECLARED_SELECTOR = YES;
				GCC_WARN_UNINITIALIZED_AUTOS = YES_AGGRESSIVE;
				GCC_WARN_UNUSED_FUNCTION = YES;
				GCC_WARN_UNUSED_VARIABLE = YES;
				IPHONEOS_DEPLOYMENT_TARGET = 12.1;
				MTL_ENABLE_DEBUG_INFO = NO;
				MTL_FAST_MATH = YES;
				SDKROOT = iphoneos;
				SWIFT_COMPILATION_MODE = wholemodule;
				SWIFT_OPTIMIZATION_LEVEL = "-O";
				VALIDATE_PRODUCT = YES;
			};
			name = Release;
		};
		48F68C2721D3A74700E16E5B /* Debug */ = {
			isa = XCBuildConfiguration;
			buildSettings = {
				ASSETCATALOG_COMPILER_APPICON_NAME = AppIcon;
				CODE_SIGN_STYLE = Automatic;
				DEVELOPMENT_TEAM = 2B7A5GN66D;
				INFOPLIST_FILE = MemoApp/Info.plist;
				LD_RUNPATH_SEARCH_PATHS = (
					"$(inherited)",
					"@executable_path/Frameworks",
				);
				PRODUCT_BUNDLE_IDENTIFIER = example.MemoApp;
				PRODUCT_NAME = "$(TARGET_NAME)";
				SWIFT_VERSION = 4.2;
				TARGETED_DEVICE_FAMILY = "1,2";
			};
			name = Debug;
		};
		48F68C2821D3A74700E16E5B /* Release */ = {
			isa = XCBuildConfiguration;
			buildSettings = {
				ASSETCATALOG_COMPILER_APPICON_NAME = AppIcon;
				CODE_SIGN_STYLE = Automatic;
				DEVELOPMENT_TEAM = 2B7A5GN66D;
				INFOPLIST_FILE = MemoApp/Info.plist;
				LD_RUNPATH_SEARCH_PATHS = (
					"$(inherited)",
					"@executable_path/Frameworks",
				);
				PRODUCT_BUNDLE_IDENTIFIER = example.MemoApp;
				PRODUCT_NAME = "$(TARGET_NAME)";
				SWIFT_VERSION = 4.2;
				TARGETED_DEVICE_FAMILY = "1,2";
			};
			name = Release;
		};
		48F68C2A21D3A74700E16E5B /* Debug */ = {
			isa = XCBuildConfiguration;
			buildSettings = {
				ALWAYS_EMBED_SWIFT_STANDARD_LIBRARIES = YES;
				BUNDLE_LOADER = "$(TEST_HOST)";
				CODE_SIGN_STYLE = Automatic;
				DEVELOPMENT_TEAM = 2B7A5GN66D;
				INFOPLIST_FILE = MemoAppTests/Info.plist;
				LD_RUNPATH_SEARCH_PATHS = (
					"$(inherited)",
					"@executable_path/Frameworks",
					"@loader_path/Frameworks",
				);
				PRODUCT_BUNDLE_IDENTIFIER = example.MemoAppTests;
				PRODUCT_NAME = "$(TARGET_NAME)";
				SWIFT_VERSION = 4.2;
				TARGETED_DEVICE_FAMILY = "1,2";
				TEST_HOST = "$(BUILT_PRODUCTS_DIR)/MemoApp.app/MemoApp";
			};
			name = Debug;
		};
		48F68C2B21D3A74700E16E5B /* Release */ = {
			isa = XCBuildConfiguration;
			buildSettings = {
				ALWAYS_EMBED_SWIFT_STANDARD_LIBRARIES = YES;
				BUNDLE_LOADER = "$(TEST_HOST)";
				CODE_SIGN_STYLE = Automatic;
				DEVELOPMENT_TEAM = 2B7A5GN66D;
				INFOPLIST_FILE = MemoAppTests/Info.plist;
				LD_RUNPATH_SEARCH_PATHS = (
					"$(inherited)",
					"@executable_path/Frameworks",
					"@loader_path/Frameworks",
				);
				PRODUCT_BUNDLE_IDENTIFIER = example.MemoAppTests;
				PRODUCT_NAME = "$(TARGET_NAME)";
				SWIFT_VERSION = 4.2;
				TARGETED_DEVICE_FAMILY = "1,2";
				TEST_HOST = "$(BUILT_PRODUCTS_DIR)/MemoApp.app/MemoApp";
			};
			name = Release;
		};
		48F68C2D21D3A74700E16E5B /* Debug */ = {
			isa = XCBuildConfiguration;
			buildSettings = {
				ALWAYS_EMBED_SWIFT_STANDARD_LIBRARIES = YES;
				CODE_SIGN_STYLE = Automatic;
				DEVELOPMENT_TEAM = 2B7A5GN66D;
				INFOPLIST_FILE = MemoAppUITests/Info.plist;
				LD_RUNPATH_SEARCH_PATHS = (
					"$(inherited)",
					"@executable_path/Frameworks",
					"@loader_path/Frameworks",
				);
				PRODUCT_BUNDLE_IDENTIFIER = example.MemoAppUITests;
				PRODUCT_NAME = "$(TARGET_NAME)";
				SWIFT_VERSION = 4.2;
				TARGETED_DEVICE_FAMILY = "1,2";
				TEST_TARGET_NAME = MemoApp;
			};
			name = Debug;
		};
		48F68C2E21D3A74700E16E5B /* Release */ = {
			isa = XCBuildConfiguration;
			buildSettings = {
				ALWAYS_EMBED_SWIFT_STANDARD_LIBRARIES = YES;
				CODE_SIGN_STYLE = Automatic;
				DEVELOPMENT_TEAM = 2B7A5GN66D;
				INFOPLIST_FILE = MemoAppUITests/Info.plist;
				LD_RUNPATH_SEARCH_PATHS = (
					"$(inherited)",
					"@executable_path/Frameworks",
					"@loader_path/Frameworks",
				);
				PRODUCT_BUNDLE_IDENTIFIER = example.MemoAppUITests;
				PRODUCT_NAME = "$(TARGET_NAME)";
				SWIFT_VERSION = 4.2;
				TARGETED_DEVICE_FAMILY = "1,2";
				TEST_TARGET_NAME = MemoApp;
			};
			name = Release;
		};
/* End XCBuildConfiguration section */

/* Begin XCConfigurationList section */
		48F68BF921D3A73F00E16E5B /* Build configuration list for PBXProject "MemoApp" */ = {
			isa = XCConfigurationList;
			buildConfigurations = (
				48F68C2421D3A74700E16E5B /* Debug */,
				48F68C2521D3A74700E16E5B /* Release */,
			);
			defaultConfigurationIsVisible = 0;
			defaultConfigurationName = Release;
		};
		48F68C2621D3A74700E16E5B /* Build configuration list for PBXNativeTarget "MemoApp" */ = {
			isa = XCConfigurationList;
			buildConfigurations = (
				48F68C2721D3A74700E16E5B /* Debug */,
				48F68C2821D3A74700E16E5B /* Release */,
			);
			defaultConfigurationIsVisible = 0;
			defaultConfigurationName = Release;
		};
		48F68C2921D3A74700E16E5B /* Build configuration list for PBXNativeTarget "MemoAppTests" */ = {
			isa = XCConfigurationList;
			buildConfigurations = (
				48F68C2A21D3A74700E16E5B /* Debug */,
				48F68C2B21D3A74700E16E5B /* Release */,
			);
			defaultConfigurationIsVisible = 0;
			defaultConfigurationName = Release;
		};
		48F68C2C21D3A74700E16E5B /* Build configuration list for PBXNativeTarget "MemoAppUITests" */ = {
			isa = XCConfigurationList;
			buildConfigurations = (
				48F68C2D21D3A74700E16E5B /* Debug */,
				48F68C2E21D3A74700E16E5B /* Release */,
			);
			defaultConfigurationIsVisible = 0;
			defaultConfigurationName = Release;
		};
/* End XCConfigurationList section */
	};
	rootObject = 48F68BF621D3A73F00E16E5B /* Project object */;
}
